// !$*UTF8*$!
{
	archiveVersion = 1;
	classes = {
	};
	objectVersion = 77;
	objects = {

/* Begin PBXContainerItemProxy section */
		758DE4042EC5CD9400160DA5 /* PBXContainerItemProxy */ = {
			isa = PBXContainerItemProxy;
			containerPortal = 758DE3EE2EC5CD9200160DA5 /* Project object */;
			proxyType = 1;
			remoteGlobalIDString = 758DE3F52EC5CD9200160DA5;
			remoteInfo = MVVMKitiOS;
		};
		758DE40E2EC5CD9400160DA5 /* PBXContainerItemProxy */ = {
			isa = PBXContainerItemProxy;
			containerPortal = 758DE3EE2EC5CD9200160DA5 /* Project object */;
			proxyType = 1;
			remoteGlobalIDString = 758DE3F52EC5CD9200160DA5;
			remoteInfo = MVVMKitiOS;
		};
/* End PBXContainerItemProxy section */

/* Begin PBXFileReference section */
		758DE3F62EC5CD9200160DA5 /* MVVMKitiOS.app */ = {isa = PBXFileReference; explicitFileType = wrapper.application; includeInIndex = 0; path = MVVMKitiOS.app; sourceTree = BUILT_PRODUCTS_DIR; };
		758DE4032EC5CD9400160DA5 /* MVVMKitiOSTests.xctest */ = {isa = PBXFileReference; explicitFileType = wrapper.cfbundle; includeInIndex = 0; path = MVVMKitiOSTests.xctest; sourceTree = BUILT_PRODUCTS_DIR; };
		758DE40D2EC5CD9400160DA5 /* MVVMKitiOSUITests.xctest */ = {isa = PBXFileReference; explicitFileType = wrapper.cfbundle; includeInIndex = 0; path = MVVMKitiOSUITests.xctest; sourceTree = BUILT_PRODUCTS_DIR; };
/* End PBXFileReference section */

/* Begin PBXFileSystemSynchronizedRootGroup section */
		758DE3F82EC5CD9200160DA5 /* MVVMKitiOS */ = {
			isa = PBXFileSystemSynchronizedRootGroup;
			path = MVVMKitiOS;
			sourceTree = "<group>";
		};
		758DE4062EC5CD9400160DA5 /* MVVMKitiOSTests */ = {
			isa = PBXFileSystemSynchronizedRootGroup;
			path = MVVMKitiOSTests;
			sourceTree = "<group>";
		};
		758DE4102EC5CD9400160DA5 /* MVVMKitiOSUITests */ = {
			isa = PBXFileSystemSynchronizedRootGroup;
			path = MVVMKitiOSUITests;
			sourceTree = "<group>";
		};
/* End PBXFileSystemSynchronizedRootGroup section */

/* Begin PBXFrameworksBuildPhase section */
		758DE3F32EC5CD9200160DA5 /* Frameworks */ = {
			isa = PBXFrameworksBuildPhase;
			buildActionMask = 2147483647;
			files = (
			);
			runOnlyForDeploymentPostprocessing = 0;
		};
		758DE4002EC5CD9400160DA5 /* Frameworks */ = {
			isa = PBXFrameworksBuildPhase;
			buildActionMask = 2147483647;
			files = (
			);
			runOnlyForDeploymentPostprocessing = 0;
		};
		758DE40A2EC5CD9400160DA5 /* Frameworks */ = {
			isa = PBXFrameworksBuildPhase;
			buildActionMask = 2147483647;
			files = (
			);
			runOnlyForDeploymentPostprocessing = 0;
		};
/* End PBXFrameworksBuildPhase section */

/* Begin PBXGroup section */
		758DE3ED2EC5CD9200160DA5 = {
			isa = PBXGroup;
			children = (
				758DE3F82EC5CD9200160DA5 /* MVVMKitiOS */,
				758DE4062EC5CD9400160DA5 /* MVVMKitiOSTests */,
				758DE4102EC5CD9400160DA5 /* MVVMKitiOSUITests */,
				758DE3F72EC5CD9200160DA5 /* Products */,
			);
			sourceTree = "<group>";
		};
		758DE3F72EC5CD9200160DA5 /* Products */ = {
			isa = PBXGroup;
			children = (
				758DE3F62EC5CD9200160DA5 /* MVVMKitiOS.app */,
				758DE4032EC5CD9400160DA5 /* MVVMKitiOSTests.xctest */,
				758DE40D2EC5CD9400160DA5 /* MVVMKitiOSUITests.xctest */,
			);
			name = Products;
			sourceTree = "<group>";
		};
/* End PBXGroup section */

/* Begin PBXNativeTarget section */
		758DE3F52EC5CD9200160DA5 /* MVVMKitiOS */ = {
			isa = PBXNativeTarget;
			buildConfigurationList = 758DE4172EC5CD9400160DA5 /* Build configuration list for PBXNativeTarget "MVVMKitiOS" */;
			buildPhases = (
				758DE3F22EC5CD9200160DA5 /* Sources */,
				758DE3F32EC5CD9200160DA5 /* Frameworks */,
				758DE3F42EC5CD9200160DA5 /* Resources */,
			);
			buildRules = (
			);
			dependencies = (
			);
			fileSystemSynchronizedGroups = (
				758DE3F82EC5CD9200160DA5 /* MVVMKitiOS */,
			);
			name = MVVMKitiOS;
			packageProductDependencies = (
			);
			productName = MVVMKitiOS;
			productReference = 758DE3F62EC5CD9200160DA5 /* MVVMKitiOS.app */;
			productType = "com.apple.product-type.application";
		};
		758DE4022EC5CD9400160DA5 /* MVVMKitiOSTests */ = {
			isa = PBXNativeTarget;
			buildConfigurationList = 758DE41A2EC5CD9400160DA5 /* Build configuration list for PBXNativeTarget "MVVMKitiOSTests" */;
			buildPhases = (
				758DE3FF2EC5CD9400160DA5 /* Sources */,
				758DE4002EC5CD9400160DA5 /* Frameworks */,
				758DE4012EC5CD9400160DA5 /* Resources */,
			);
			buildRules = (
			);
			dependencies = (
				758DE4052EC5CD9400160DA5 /* PBXTargetDependency */,
			);
			fileSystemSynchronizedGroups = (
				758DE4062EC5CD9400160DA5 /* MVVMKitiOSTests */,
			);
			name = MVVMKitiOSTests;
			packageProductDependencies = (
			);
			productName = MVVMKitiOSTests;
			productReference = 758DE4032EC5CD9400160DA5 /* MVVMKitiOSTests.xctest */;
			productType = "com.apple.product-type.bundle.unit-test";
		};
		758DE40C2EC5CD9400160DA5 /* MVVMKitiOSUITests */ = {
			isa = PBXNativeTarget;
			buildConfigurationList = 758DE41D2EC5CD9400160DA5 /* Build configuration list for PBXNativeTarget "MVVMKitiOSUITests" */;
			buildPhases = (
				758DE4092EC5CD9400160DA5 /* Sources */,
				758DE40A2EC5CD9400160DA5 /* Frameworks */,
				758DE40B2EC5CD9400160DA5 /* Resources */,
			);
			buildRules = (
			);
			dependencies = (
				758DE40F2EC5CD9400160DA5 /* PBXTargetDependency */,
			);
			fileSystemSynchronizedGroups = (
				758DE4102EC5CD9400160DA5 /* MVVMKitiOSUITests */,
			);
			name = MVVMKitiOSUITests;
			packageProductDependencies = (
			);
			productName = MVVMKitiOSUITests;
			productReference = 758DE40D2EC5CD9400160DA5 /* MVVMKitiOSUITests.xctest */;
			productType = "com.apple.product-type.bundle.ui-testing";
		};
/* End PBXNativeTarget section */

/* Begin PBXProject section */
		758DE3EE2EC5CD9200160DA5 /* Project object */ = {
			isa = PBXProject;
			attributes = {
				BuildIndependentTargetsInParallel = 1;
				LastSwiftUpdateCheck = 2610;
				LastUpgradeCheck = 2610;
				TargetAttributes = {
					758DE3F52EC5CD9200160DA5 = {
						CreatedOnToolsVersion = 26.1.1;
					};
					758DE4022EC5CD9400160DA5 = {
						CreatedOnToolsVersion = 26.1.1;
						TestTargetID = 758DE3F52EC5CD9200160DA5;
					};
					758DE40C2EC5CD9400160DA5 = {
						CreatedOnToolsVersion = 26.1.1;
						TestTargetID = 758DE3F52EC5CD9200160DA5;
					};
				};
			};
			buildConfigurationList = 758DE3F12EC5CD9200160DA5 /* Build configuration list for PBXProject "MVVMKitiOS" */;
			developmentRegion = en;
			hasScannedForEncodings = 0;
			knownRegions = (
				en,
				Base,
			);
			mainGroup = 758DE3ED2EC5CD9200160DA5;
			minimizedProjectReferenceProxies = 1;
			preferredProjectObjectVersion = 77;
			productRefGroup = 758DE3F72EC5CD9200160DA5 /* Products */;
			projectDirPath = "";
			projectRoot = "";
			targets = (
				758DE3F52EC5CD9200160DA5 /* MVVMKitiOS */,
				758DE4022EC5CD9400160DA5 /* MVVMKitiOSTests */,
				758DE40C2EC5CD9400160DA5 /* MVVMKitiOSUITests */,
			);
		};
/* End PBXProject section */

/* Begin PBXResourcesBuildPhase section */
		758DE3F42EC5CD9200160DA5 /* Resources */ = {
			isa = PBXResourcesBuildPhase;
			buildActionMask = 2147483647;
			files = (
			);
			runOnlyForDeploymentPostprocessing = 0;
		};
		758DE4012EC5CD9400160DA5 /* Resources */ = {
			isa = PBXResourcesBuildPhase;
			buildActionMask = 2147483647;
			files = (
			);
			runOnlyForDeploymentPostprocessing = 0;
		};
		758DE40B2EC5CD9400160DA5 /* Resources */ = {
			isa = PBXResourcesBuildPhase;
			buildActionMask = 2147483647;
			files = (
			);
			runOnlyForDeploymentPostprocessing = 0;
		};
/* End PBXResourcesBuildPhase section */

/* Begin PBXSourcesBuildPhase section */
		758DE3F22EC5CD9200160DA5 /* Sources */ = {
			isa = PBXSourcesBuildPhase;
			buildActionMask = 2147483647;
			files = (
			);
			runOnlyForDeploymentPostprocessing = 0;
		};
		758DE3FF2EC5CD9400160DA5 /* Sources */ = {
			isa = PBXSourcesBuildPhase;
			buildActionMask = 2147483647;
			files = (
			);
			runOnlyForDeploymentPostprocessing = 0;
		};
		758DE4092EC5CD9400160DA5 /* Sources */ = {
			isa = PBXSourcesBuildPhase;
			buildActionMask = 2147483647;
			files = (
			);
			runOnlyForDeploymentPostprocessing = 0;
		};
/* End PBXSourcesBuildPhase section */

/* Begin PBXTargetDependency section */
		758DE4052EC5CD9400160DA5 /* PBXTargetDependency */ = {
			isa = PBXTargetDependency;
			target = 758DE3F52EC5CD9200160DA5 /* MVVMKitiOS */;
			targetProxy = 758DE4042EC5CD9400160DA5 /* PBXContainerItemProxy */;
		};
		758DE40F2EC5CD9400160DA5 /* PBXTargetDependency */ = {
			isa = PBXTargetDependency;
			target = 758DE3F52EC5CD9200160DA5 /* MVVMKitiOS */;
			targetProxy = 758DE40E2EC5CD9400160DA5 /* PBXContainerItemProxy */;
		};
/* End PBXTargetDependency section */

/* Begin XCBuildConfiguration section */
		758DE4152EC5CD9400160DA5 /* Debug */ = {
			isa = XCBuildConfiguration;
			buildSettings = {
				ALWAYS_SEARCH_USER_PATHS = NO;
				ASSETCATALOG_COMPILER_GENERATE_SWIFT_ASSET_SYMBOL_EXTENSIONS = YES;
				CLANG_ANALYZER_NONNULL = YES;
				CLANG_ANALYZER_NUMBER_OBJECT_CONVERSION = YES_AGGRESSIVE;
				CLANG_CXX_LANGUAGE_STANDARD = "gnu++20";
				CLANG_ENABLE_MODULES = YES;
				CLANG_ENABLE_OBJC_ARC = YES;
				CLANG_ENABLE_OBJC_WEAK = YES;
				CLANG_WARN_BLOCK_CAPTURE_AUTORELEASING = YES;
				CLANG_WARN_BOOL_CONVERSION = YES;
				CLANG_WARN_COMMA = YES;
				CLANG_WARN_CONSTANT_CONVERSION = YES;
				CLANG_WARN_DEPRECATED_OBJC_IMPLEMENTATIONS = YES;
				CLANG_WARN_DIRECT_OBJC_ISA_USAGE = YES_ERROR;
				CLANG_WARN_DOCUMENTATION_COMMENTS = YES;
				CLANG_WARN_EMPTY_BODY = YES;
				CLANG_WARN_ENUM_CONVERSION = YES;
				CLANG_WARN_INFINITE_RECURSION = YES;
				CLANG_WARN_INT_CONVERSION = YES;
				CLANG_WARN_NON_LITERAL_NULL_CONVERSION = YES;
				CLANG_WARN_OBJC_IMPLICIT_RETAIN_SELF = YES;
				CLANG_WARN_OBJC_LITERAL_CONVERSION = YES;
				CLANG_WARN_OBJC_ROOT_CLASS = YES_ERROR;
				CLANG_WARN_QUOTED_INCLUDE_IN_FRAMEWORK_HEADER = YES;
				CLANG_WARN_RANGE_LOOP_ANALYSIS = YES;
				CLANG_WARN_STRICT_PROTOTYPES = YES;
				CLANG_WARN_SUSPICIOUS_MOVE = YES;
				CLANG_WARN_UNGUARDED_AVAILABILITY = YES_AGGRESSIVE;
				CLANG_WARN_UNREACHABLE_CODE = YES;
				CLANG_WARN__DUPLICATE_METHOD_MATCH = YES;
				COPY_PHASE_STRIP = NO;
				DEBUG_INFORMATION_FORMAT = dwarf;
				ENABLE_STRICT_OBJC_MSGSEND = YES;
				ENABLE_TESTABILITY = YES;
				ENABLE_USER_SCRIPT_SANDBOXING = YES;
				GCC_C_LANGUAGE_STANDARD = gnu17;
				GCC_DYNAMIC_NO_PIC = NO;
				GCC_NO_COMMON_BLOCKS = YES;
				GCC_OPTIMIZATION_LEVEL = 0;
				GCC_PREPROCESSOR_DEFINITIONS = (
					"DEBUG=1",
					"$(inherited)",
				);
				GCC_WARN_64_TO_32_BIT_CONVERSION = YES;
				GCC_WARN_ABOUT_RETURN_TYPE = YES_ERROR;
				GCC_WARN_UNDECLARED_SELECTOR = YES;
				GCC_WARN_UNINITIALIZED_AUTOS = YES_AGGRESSIVE;
				GCC_WARN_UNUSED_FUNCTION = YES;
				GCC_WARN_UNUSED_VARIABLE = YES;
				IPHONEOS_DEPLOYMENT_TARGET = 26.1;
				LOCALIZATION_PREFERS_STRING_CATALOGS = YES;
				MTL_ENABLE_DEBUG_INFO = INCLUDE_SOURCE;
				MTL_FAST_MATH = YES;
				ONLY_ACTIVE_ARCH = YES;
				SDKROOT = iphoneos;
				SWIFT_ACTIVE_COMPILATION_CONDITIONS = "DEBUG $(inherited)";
				SWIFT_OPTIMIZATION_LEVEL = "-Onone";
			};
			name = Debug;
		};
		758DE4162EC5CD9400160DA5 /* Release */ = {
			isa = XCBuildConfiguration;
			buildSettings = {
				ALWAYS_SEARCH_USER_PATHS = NO;
				ASSETCATALOG_COMPILER_GENERATE_SWIFT_ASSET_SYMBOL_EXTENSIONS = YES;
				CLANG_ANALYZER_NONNULL = YES;
				CLANG_ANALYZER_NUMBER_OBJECT_CONVERSION = YES_AGGRESSIVE;
				CLANG_CXX_LANGUAGE_STANDARD = "gnu++20";
				CLANG_ENABLE_MODULES = YES;
				CLANG_ENABLE_OBJC_ARC = YES;
				CLANG_ENABLE_OBJC_WEAK = YES;
				CLANG_WARN_BLOCK_CAPTURE_AUTORELEASING = YES;
				CLANG_WARN_BOOL_CONVERSION = YES;
				CLANG_WARN_COMMA = YES;
				CLANG_WARN_CONSTANT_CONVERSION = YES;
				CLANG_WARN_DEPRECATED_OBJC_IMPLEMENTATIONS = YES;
				CLANG_WARN_DIRECT_OBJC_ISA_USAGE = YES_ERROR;
				CLANG_WARN_DOCUMENTATION_COMMENTS = YES;
				CLANG_WARN_EMPTY_BODY = YES;
				CLANG_WARN_ENUM_CONVERSION = YES;
				CLANG_WARN_INFINITE_RECURSION = YES;
				CLANG_WARN_INT_CONVERSION = YES;
				CLANG_WARN_NON_LITERAL_NULL_CONVERSION = YES;
				CLANG_WARN_OBJC_IMPLICIT_RETAIN_SELF = YES;
				CLANG_WARN_OBJC_LITERAL_CONVERSION = YES;
				CLANG_WARN_OBJC_ROOT_CLASS = YES_ERROR;
				CLANG_WARN_QUOTED_INCLUDE_IN_FRAMEWORK_HEADER = YES;
				CLANG_WARN_RANGE_LOOP_ANALYSIS = YES;
				CLANG_WARN_STRICT_PROTOTYPES = YES;
				CLANG_WARN_SUSPICIOUS_MOVE = YES;
				CLANG_WARN_UNGUARDED_AVAILABILITY = YES_AGGRESSIVE;
				CLANG_WARN_UNREACHABLE_CODE = YES;
				CLANG_WARN__DUPLICATE_METHOD_MATCH = YES;
				COPY_PHASE_STRIP = NO;
				DEBUG_INFORMATION_FORMAT = "dwarf-with-dsym";
				ENABLE_NS_ASSERTIONS = NO;
				ENABLE_STRICT_OBJC_MSGSEND = YES;
				ENABLE_USER_SCRIPT_SANDBOXING = YES;
				GCC_C_LANGUAGE_STANDARD = gnu17;
				GCC_NO_COMMON_BLOCKS = YES;
				GCC_WARN_64_TO_32_BIT_CONVERSION = YES;
				GCC_WARN_ABOUT_RETURN_TYPE = YES_ERROR;
				GCC_WARN_UNDECLARED_SELECTOR = YES;
				GCC_WARN_UNINITIALIZED_AUTOS = YES_AGGRESSIVE;
				GCC_WARN_UNUSED_FUNCTION = YES;
				GCC_WARN_UNUSED_VARIABLE = YES;
				IPHONEOS_DEPLOYMENT_TARGET = 26.1;
				LOCALIZATION_PREFERS_STRING_CATALOGS = YES;
				MTL_ENABLE_DEBUG_INFO = NO;
				MTL_FAST_MATH = YES;
				SDKROOT = iphoneos;
				SWIFT_COMPILATION_MODE = wholemodule;
				VALIDATE_PRODUCT = YES;
			};
			name = Release;
		};
		758DE4182EC5CD9400160DA5 /* Debug */ = {
			isa = XCBuildConfiguration;
			buildSettings = {
				ASSETCATALOG_COMPILER_APPICON_NAME = AppIcon;
				ASSETCATALOG_COMPILER_GLOBAL_ACCENT_COLOR_NAME = AccentColor;
				CODE_SIGN_STYLE = Automatic;
				CURRENT_PROJECT_VERSION = 1;
				ENABLE_PREVIEWS = YES;
				GENERATE_INFOPLIST_FILE = YES;
				INFOPLIST_KEY_UIApplicationSceneManifest_Generation = YES;
				INFOPLIST_KEY_UIApplicationSupportsIndirectInputEvents = YES;
				INFOPLIST_KEY_UILaunchScreen_Generation = YES;
				INFOPLIST_KEY_UISupportedInterfaceOrientations_iPad = "UIInterfaceOrientationPortrait UIInterfaceOrientationPortraitUpsideDown UIInterfaceOrientationLandscapeLeft UIInterfaceOrientationLandscapeRight";
				INFOPLIST_KEY_UISupportedInterfaceOrientations_iPhone = "UIInterfaceOrientationPortrait UIInterfaceOrientationLandscapeLeft UIInterfaceOrientationLandscapeRight";
				LD_RUNPATH_SEARCH_PATHS = (
					"$(inherited)",
					"@executable_path/Frameworks",
				);
				MARKETING_VERSION = 1.0;
				PRODUCT_BUNDLE_IDENTIFIER = devnizamuddin.MVVMKitiOS;
				PRODUCT_NAME = "$(TARGET_NAME)";
				STRING_CATALOG_GENERATE_SYMBOLS = YES;
				SWIFT_APPROACHABLE_CONCURRENCY = YES;
				SWIFT_DEFAULT_ACTOR_ISOLATION = MainActor;
				SWIFT_EMIT_LOC_STRINGS = YES;
				SWIFT_UPCOMING_FEATURE_MEMBER_IMPORT_VISIBILITY = YES;
				SWIFT_VERSION = 5.0;
				TARGETED_DEVICE_FAMILY = "1,2";
			};
			name = Debug;
		};
		758DE4192EC5CD9400160DA5 /* Release */ = {
			isa = XCBuildConfiguration;
			buildSettings = {
				ASSETCATALOG_COMPILER_APPICON_NAME = AppIcon;
				ASSETCATALOG_COMPILER_GLOBAL_ACCENT_COLOR_NAME = AccentColor;
				CODE_SIGN_STYLE = Automatic;
				CURRENT_PROJECT_VERSION = 1;
				ENABLE_PREVIEWS = YES;
				GENERATE_INFOPLIST_FILE = YES;
				INFOPLIST_KEY_UIApplicationSceneManifest_Generation = YES;
				INFOPLIST_KEY_UIApplicationSupportsIndirectInputEvents = YES;
				INFOPLIST_KEY_UILaunchScreen_Generation = YES;
				INFOPLIST_KEY_UISupportedInterfaceOrientations_iPad = "UIInterfaceOrientationPortrait UIInterfaceOrientationPortraitUpsideDown UIInterfaceOrientationLandscapeLeft UIInterfaceOrientationLandscapeRight";
				INFOPLIST_KEY_UISupportedInterfaceOrientations_iPhone = "UIInterfaceOrientationPortrait UIInterfaceOrientationLandscapeLeft UIInterfaceOrientationLandscapeRight";
				LD_RUNPATH_SEARCH_PATHS = (
					"$(inherited)",
					"@executable_path/Frameworks",
				);
				MARKETING_VERSION = 1.0;
				PRODUCT_BUNDLE_IDENTIFIER = devnizamuddin.MVVMKitiOS;
				PRODUCT_NAME = "$(TARGET_NAME)";
				STRING_CATALOG_GENERATE_SYMBOLS = YES;
				SWIFT_APPROACHABLE_CONCURRENCY = YES;
				SWIFT_DEFAULT_ACTOR_ISOLATION = MainActor;
				SWIFT_EMIT_LOC_STRINGS = YES;
				SWIFT_UPCOMING_FEATURE_MEMBER_IMPORT_VISIBILITY = YES;
				SWIFT_VERSION = 5.0;
				TARGETED_DEVICE_FAMILY = "1,2";
			};
			name = Release;
		};
		758DE41B2EC5CD9400160DA5 /* Debug */ = {
			isa = XCBuildConfiguration;
			buildSettings = {
				BUNDLE_LOADER = "$(TEST_HOST)";
				CODE_SIGN_STYLE = Automatic;
				CURRENT_PROJECT_VERSION = 1;
				GENERATE_INFOPLIST_FILE = YES;
				IPHONEOS_DEPLOYMENT_TARGET = 26.1;
				MARKETING_VERSION = 1.0;
				PRODUCT_BUNDLE_IDENTIFIER = devnizamuddin.MVVMKitiOSTests;
				PRODUCT_NAME = "$(TARGET_NAME)";
				STRING_CATALOG_GENERATE_SYMBOLS = NO;
				SWIFT_APPROACHABLE_CONCURRENCY = YES;
				SWIFT_EMIT_LOC_STRINGS = NO;
				SWIFT_UPCOMING_FEATURE_MEMBER_IMPORT_VISIBILITY = YES;
				SWIFT_VERSION = 5.0;
				TARGETED_DEVICE_FAMILY = "1,2";
				TEST_HOST = "$(BUILT_PRODUCTS_DIR)/MVVMKitiOS.app/$(BUNDLE_EXECUTABLE_FOLDER_PATH)/MVVMKitiOS";
			};
			name = Debug;
		};
		758DE41C2EC5CD9400160DA5 /* Release */ = {
			isa = XCBuildConfiguration;
			buildSettings = {
				BUNDLE_LOADER = "$(TEST_HOST)";
				CODE_SIGN_STYLE = Automatic;
				CURRENT_PROJECT_VERSION = 1;
				GENERATE_INFOPLIST_FILE = YES;
				IPHONEOS_DEPLOYMENT_TARGET = 26.1;
				MARKETING_VERSION = 1.0;
				PRODUCT_BUNDLE_IDENTIFIER = devnizamuddin.MVVMKitiOSTests;
				PRODUCT_NAME = "$(TARGET_NAME)";
				STRING_CATALOG_GENERATE_SYMBOLS = NO;
				SWIFT_APPROACHABLE_CONCURRENCY = YES;
				SWIFT_EMIT_LOC_STRINGS = NO;
				SWIFT_UPCOMING_FEATURE_MEMBER_IMPORT_VISIBILITY = YES;
				SWIFT_VERSION = 5.0;
				TARGETED_DEVICE_FAMILY = "1,2";
				TEST_HOST = "$(BUILT_PRODUCTS_DIR)/MVVMKitiOS.app/$(BUNDLE_EXECUTABLE_FOLDER_PATH)/MVVMKitiOS";
			};
			name = Release;
		};
		758DE41E2EC5CD9400160DA5 /* Debug */ = {
			isa = XCBuildConfiguration;
			buildSettings = {
				CODE_SIGN_STYLE = Automatic;
				CURRENT_PROJECT_VERSION = 1;
				GENERATE_INFOPLIST_FILE = YES;
				MARKETING_VERSION = 1.0;
				PRODUCT_BUNDLE_IDENTIFIER = devnizamuddin.MVVMKitiOSUITests;
				PRODUCT_NAME = "$(TARGET_NAME)";
				STRING_CATALOG_GENERATE_SYMBOLS = NO;
				SWIFT_APPROACHABLE_CONCURRENCY = YES;
				SWIFT_EMIT_LOC_STRINGS = NO;
				SWIFT_UPCOMING_FEATURE_MEMBER_IMPORT_VISIBILITY = YES;
				SWIFT_VERSION = 5.0;
				TARGETED_DEVICE_FAMILY = "1,2";
				TEST_TARGET_NAME = MVVMKitiOS;
			};
			name = Debug;
		};
		758DE41F2EC5CD9400160DA5 /* Release */ = {
			isa = XCBuildConfiguration;
			buildSettings = {
				CODE_SIGN_STYLE = Automatic;
				CURRENT_PROJECT_VERSION = 1;
				GENERATE_INFOPLIST_FILE = YES;
				MARKETING_VERSION = 1.0;
				PRODUCT_BUNDLE_IDENTIFIER = devnizamuddin.MVVMKitiOSUITests;
				PRODUCT_NAME = "$(TARGET_NAME)";
				STRING_CATALOG_GENERATE_SYMBOLS = NO;
				SWIFT_APPROACHABLE_CONCURRENCY = YES;
				SWIFT_EMIT_LOC_STRINGS = NO;
				SWIFT_UPCOMING_FEATURE_MEMBER_IMPORT_VISIBILITY = YES;
				SWIFT_VERSION = 5.0;
				TARGETED_DEVICE_FAMILY = "1,2";
				TEST_TARGET_NAME = MVVMKitiOS;
			};
			name = Release;
		};
/* End XCBuildConfiguration section */

/* Begin XCConfigurationList section */
		758DE3F12EC5CD9200160DA5 /* Build configuration list for PBXProject "MVVMKitiOS" */ = {
			isa = XCConfigurationList;
			buildConfigurations = (
				758DE4152EC5CD9400160DA5 /* Debug */,
				758DE4162EC5CD9400160DA5 /* Release */,
			);
			defaultConfigurationIsVisible = 0;
			defaultConfigurationName = Release;
		};
		758DE4172EC5CD9400160DA5 /* Build configuration list for PBXNativeTarget "MVVMKitiOS" */ = {
			isa = XCConfigurationList;
			buildConfigurations = (
				758DE4182EC5CD9400160DA5 /* Debug */,
				758DE4192EC5CD9400160DA5 /* Release */,
			);
			defaultConfigurationIsVisible = 0;
			defaultConfigurationName = Release;
		};
		758DE41A2EC5CD9400160DA5 /* Build configuration list for PBXNativeTarget "MVVMKitiOSTests" */ = {
			isa = XCConfigurationList;
			buildConfigurations = (
				758DE41B2EC5CD9400160DA5 /* Debug */,
				758DE41C2EC5CD9400160DA5 /* Release */,
			);
			defaultConfigurationIsVisible = 0;
			defaultConfigurationName = Release;
		};
		758DE41D2EC5CD9400160DA5 /* Build configuration list for PBXNativeTarget "MVVMKitiOSUITests" */ = {
			isa = XCConfigurationList;
			buildConfigurations = (
				758DE41E2EC5CD9400160DA5 /* Debug */,
				758DE41F2EC5CD9400160DA5 /* Release */,
			);
			defaultConfigurationIsVisible = 0;
			defaultConfigurationName = Release;
		};
/* End XCConfigurationList section */
	};
	rootObject = 758DE3EE2EC5CD9200160DA5 /* Project object */;
}
